# This file is automatically @generated by Cargo.
# It is not intended for manual editing.
version = 3

[[package]]
name = "ahash"
version = "0.8.12"
source = "registry+https://github.com/rust-lang/crates.io-index"
checksum = "5a15f179cd60c4584b8a8c596927aadc462e27f2ca70c04e0071964a73ba7a75"
dependencies = [
 "cfg-if",
 "once_cell",
 "version_check",
 "zerocopy",
]

[[package]]
name = "aho-corasick"
version = "1.1.5"
source = "registry+https://github.com/rust-lang/crates.io-index"
checksum = "c982642fa9e8606056828ee9a8505737230110bb1099153c79efe865c59d12ba"
dependencies = [
 "memchr",
]

[[package]]
name = "ansi_term"
version = "0.12.1"
source = "registry+https://github.com/rust-lang/crates.io-index"
checksum = "d52a9bb7ec0cf484c551830a7ce27bd20d67eac647e1befb56b0be4ee39a55d2"
dependencies = [
 "winapi",
]

[[package]]
name = "anstream"
version = "1.0.0"
source = "registry+https://github.com/rust-lang/crates.io-index"
checksum = "824a212faf96e9acacdbd09febd34438f8f711fb84e09a8916013cd7815ca28d"
dependencies = [
 "anstyle",
 "anstyle-parse",
 "anstyle-query",
 "anstyle-wincon",
 "colorchoice",
 "is_terminal_polyfill",
 "utf8parse",
]

[[package]]
name = "anstyle"
version = "1.0.14"
source = "registry+https://github.com/rust-lang/crates.io-index"
checksum = "940b3a0ca603d1eade50a4846a2afffd5ef57a9feac2c0e2ec2e14f9ead76000"

[[package]]
name = "anstyle-parse"
version = "1.0.0"
source = "registry+https://github.com/rust-lang/crates.io-index"
checksum = "52ce7f38b242319f7cabaa6813055467063ecdc9d355bbb4ce0c68908cd8130e"
dependencies = [
 "utf8parse",
]

[[package]]
name = "anstyle-query"
version = "1.1.5"
source = "registry+https://github.com/rust-lang/crates.io-index"
checksum = "40c48f72fd53cd289104fc64099abca73db4166ad86ea0b4341abe65af83dadc"
dependencies = [
 "windows-sys",
]

[[package]]
name = "anstyle-wincon"
version = "3.0.11"
source = "registry+https://github.com/rust-lang/crates.io-index"
checksum = "291e6a250ff86cd4a820112fb8898808a366d8f9f58ce16d1f538353ad55747d"
dependencies = [
 "anstyle",
 "once_cell_polyfill",
 "windows-sys",
]

[[package]]
name = "anyhow"
version = "1.0.104"
source = "registry+https://github.com/rust-lang/crates.io-index"
checksum = "330a5ed07fa54e4702c9d6c4174f74427fc0ef6e214bbd677ae50a5099946470"

[[package]]
name = "ar_archive_writer"
version = "0.5.3"
source = "registry+https://github.com/rust-lang/crates.io-index"
checksum = "73cd58deff2140a0a8eae87e417bd01db68a33e148aa93d1e8cd837e55e312b6"
dependencies = [
 "object 0.39.1",
]

[[package]]
name = "arbitrary"
version = "1.4.2"
source = "registry+https://github.com/rust-lang/crates.io-index"
checksum = "c3d036a3c4ab069c7b410a2ce876bd74808d2d0888a82667669f8e783a898bf1"

[[package]]
name = "arrayvec"
version = "0.7.8"
source = "registry+https://github.com/rust-lang/crates.io-index"
checksum = "d3fb67a6e08acf24fdeccbac2cb6ac4305825bd1f117462e0e6f2f193345ad56"

[[package]]
name = "assert_cmd"
version = "0.10.2"
source = "registry+https://github.com/rust-lang/crates.io-index"
checksum = "b7ac5c260f75e4e4ba87b7342be6edcecbcb3eb6741a0507fda7ad115845cc65"
dependencies = [
 "escargot",
 "predicates",
 "predicates-core",
 "predicates-tree",
]

[[package]]
name = "attribute-derive"
version = "0.10.5"
source = "registry+https://github.com/rust-lang/crates.io-index"
checksum = "05832cdddc8f2650cc2cc187cc2e952b8c133a48eb055f35211f61ee81502d77"
dependencies = [
 "attribute-derive-macro",
 "derive-where",
 "manyhow",
 "proc-macro2",
 "quote",
 "syn 2.0.119",
]

[[package]]
name = "attribute-derive-macro"
version = "0.10.5"
source = "registry+https://github.com/rust-lang/crates.io-index"
checksum = "0a7cdbbd4bd005c5d3e2e9c885e6fa575db4f4a3572335b974d8db853b6beb61"
dependencies = [
 "collection_literals",
 "interpolator",
 "manyhow",
 "proc-macro-utils",
 "proc-macro2",
 "quote",
 "quote-use",
 "syn 2.0.119",
]

[[package]]
name = "atty"
version = "0.2.14"
source = "registry+https://github.com/rust-lang/crates.io-index"
checksum = "d9b39be18770d11421cdb1b9947a45dd3f37e93092cbf377614828a319d5fee8"
dependencies = [
 "hermit-abi",
 "libc",
 "winapi",
]

[[package]]
name = "bitflags"
version = "2.13.1"
source = "registry+https://github.com/rust-lang/crates.io-index"
checksum = "b588b76d00fde79687d7646a9b5bdf3cc0f655e0bbd080335a95d7e96f3587da"

[[package]]
name = "bstr"
version = "1.13.1"
source = "registry+https://github.com/rust-lang/crates.io-index"
checksum = "6bb31b46c14244e20ee9984b11bf5c992b91fb6939fea616e3512c8baecdbe5f"
dependencies = [
 "memchr",
 "regex-automata",
 "serde_core",
]

[[package]]
name = "bumpalo"
version = "3.20.3"
source = "registry+https://github.com/rust-lang/crates.io-index"
checksum = "72f5acc6cb2ba439de613abc23857ec3d78374d8ed5ac84e9d11336e87da8649"

[[package]]
name = "castaway"
version = "0.2.4"
source = "registry+https://github.com/rust-lang/crates.io-index"
checksum = "dec551ab6e7578819132c713a93c022a05d60159dc86e7a7050223577484c55a"
dependencies = [
 "rustversion",
]

[[package]]
name = "cc"
version = "1.4.6"
source = "registry+https://github.com/rust-lang/crates.io-index"
checksum = "a3eb0f42d6c360dc3f8a821f6bf2fdea7f72bfd36b3076eb0e6d1e9e0752fff4"
dependencies = [
 "find-msvc-tools",
 "shlex",
]

[[package]]
name = "cfg-if"
version = "1.0.4"
source = "registry+https://github.com/rust-lang/crates.io-index"
checksum = "9330f8b2ff13f34540b44e946ef35111825727b38d33286ef986142615121801"

[[package]]
name = "char_str"
version = "0.0.4"
source = "registry+https://github.com/rust-lang/crates.io-index"
checksum = "c9cba78a5abb515610e10af297615434b019755b5d7be14e559ff5340dff50c4"
dependencies = [
 "castaway",
 "get-size2",
 "itoa",
 "ryu",
]

[[package]]
name = "clap"
version = "4.6.6"
source = "registry+https://github.com/rust-lang/crates.io-index"
checksum = "473c7e07f409a8d772161724aa8db6a765a2532a70f9667eeb7b49d3d02fbdca"
dependencies = [
 "clap_builder",
 "clap_derive",
]

[[package]]
name = "clap_builder"
version = "4.6.6"
source = "registry+https://github.com/rust-lang/crates.io-index"
checksum = "7b48fea5a88e9ae728a2dcbedbfc0e730f7d60da42e1cb049a83c9fb8b789889"
dependencies = [
 "anstream",
 "anstyle",
 "clap_lex",
 "strsim",
]

[[package]]
name = "clap_derive"
version = "4.6.4"
source = "registry+https://github.com/rust-lang/crates.io-index"
checksum = "d012d2b9d65aca7f18f4d9878a045bc17899bba951561ba5ec3c2ba1eed9a061"
dependencies = [
 "heck",
 "proc-macro2",
 "quote",
 "syn 3.0.5",
]

[[package]]
name = "clap_lex"
version = "1.1.0"
source = "registry+https://github.com/rust-lang/crates.io-index"
checksum = "c8d4a3bb8b1e0c1050499d1815f5ab16d04f0959b233085fb31653fbfc9d98f9"

[[package]]
name = "collection_literals"
version = "1.0.3"
source = "registry+https://github.com/rust-lang/crates.io-index"
checksum = "2550f75b8cfac212855f6b1885455df8eaee8fe8e246b647d69146142e016084"

[[package]]
name = "colorchoice"
version = "1.0.5"
source = "registry+https://github.com/rust-lang/crates.io-index"
checksum = "1d07550c9036bf2ae0c684c4297d503f838287c83c53686d05370d0e139ae570"

[[package]]
name = "compact_str"
version = "0.10.0"
source = "registry+https://github.com/rust-lang/crates.io-index"
checksum = "79fcda08c33bb58b97008b2cdada6622500e949e060f5913361763121abd2416"
dependencies = [
 "castaway",
 "cfg-if",
 "itoa",
 "static_assertions",
 "zmij",
]

[[package]]
name = "cranelift-bforest"
version = "0.114.0"
source = "registry+https://github.com/rust-lang/crates.io-index"
checksum = "2ba4f80548f22dc9c43911907b5e322c5555544ee85f785115701e6a28c9abe1"
dependencies = [
 "cranelift-entity",
]

[[package]]
name = "cranelift-bitset"
version = "0.114.0"
source = "registry+https://github.com/rust-lang/crates.io-index"
checksum = "005884e3649c3e5ff2dc79e8a94b138f11569cc08a91244a292714d2a86e9156"

[[package]]
name = "cranelift-codegen"
version = "0.114.0"
source = "registry+https://github.com/rust-lang/crates.io-index"
checksum = "fe4036255ec33ce9a37495dfbcfc4e1118fd34e693eff9a1e106336b7cd16a9b"
dependencies = [
 "bumpalo",
 "cranelift-bforest",
 "cranelift-bitset",
 "cranelift-codegen-meta",
 "cranelift-codegen-shared",
 "cranelift-control",
 "cranelift-entity",
 "cranelift-isle",
 "gimli",
 "hashbrown 0.14.5",
 "log",
 "regalloc2",
 "rustc-hash",
 "serde",
 "smallvec",
 "target-lexicon",
]

[[package]]
name = "cranelift-codegen-meta"
version = "0.114.0"
source = "registry+https://github.com/rust-lang/crates.io-index"
checksum = "f7ca74f4b68319da11d39e894437cb6e20ec7c2e11fbbda823c3bf207beedff7"
dependencies = [
 "cranelift-codegen-shared",
]

[[package]]
name = "cranelift-codegen-shared"
version = "0.114.0"
source = "registry+https://github.com/rust-lang/crates.io-index"
checksum = "897e54f433a0269c4187871aa06d452214d5515d228d5bdc22219585e9eef895"

[[package]]
name = "cranelift-control"
version = "0.114.0"
source = "registry+https://github.com/rust-lang/crates.io-index"
checksum = "29cb4018f5bf59fb53f515fa9d80e6f8c5ce19f198dc538984ebd23ecf8965ec"
dependencies = [
 "arbitrary",
]

[[package]]
name = "cranelift-entity"
version = "0.114.0"
source = "registry+https://github.com/rust-lang/crates.io-index"
checksum = "305399fd781a2953ac78c1396f02ff53144f39c33eb7fc7789cf4e8936d13a96"
dependencies = [
 "cranelift-bitset",
]

[[package]]
name = "cranelift-frontend"
version = "0.114.0"
source = "registry+https://github.com/rust-lang/crates.io-index"
checksum = "9230b460a128d53653456137751d27baf567947a3ab8c0c4d6e31fd08036d81e"
dependencies = [
 "cranelift-codegen",
 "log",
 "smallvec",
 "target-lexicon",
]

[[package]]
name = "cranelift-isle"
version = "0.114.0"
source = "registry+https://github.com/rust-lang/crates.io-index"
checksum = "b961e24ae3ec9813a24a15ae64bbd2a42e4de4d79a7f3225a412e3b94e78d1c8"

[[package]]
name = "cranelift-module"
version = "0.114.0"
source = "registry+https://github.com/rust-lang/crates.io-index"
checksum = "2f20b0b51ba962dac30fc7e812b86e4390d908acd4f59bcc8ac7610a8f3e0977"
dependencies = [
 "anyhow",
 "cranelift-codegen",
 "cranelift-control",
]

[[package]]
name = "cranelift-native"
version = "0.114.0"
source = "registry+https://github.com/rust-lang/crates.io-index"
checksum = "4d5bd76df6c9151188dfa428c863b33da5b34561b67f43c0cf3f24a794f9fa1f"
dependencies = [
 "cranelift-codegen",
 "libc",
 "target-lexicon",
]

[[package]]
name = "cranelift-object"
version = "0.114.0"
source = "registry+https://github.com/rust-lang/crates.io-index"
checksum = "ee231640a7ecceedd0f1f2782d9288db6a6908cc70675ed9427e3bf0ea6daacd"
dependencies = [
 "anyhow",
 "cranelift-codegen",
 "cranelift-control",
 "cranelift-module",
 "log",
 "object 0.36.7",
 "target-lexicon",
]

[[package]]
name = "crc32fast"
version = "1.5.1"
source = "registry+https://github.com/rust-lang/crates.io-index"
checksum = "8498c871161e1742aaa9d52551b2d6ebdd4c3d45a3be423e3728f33b955be550"
dependencies = [
 "cfg-if",
]

[[package]]
name = "derive-where"
version = "1.7.0"
source = "registry+https://github.com/rust-lang/crates.io-index"
checksum = "2e2b94854e8576378ccda7c8de8a66ed8b4e8acbd2c50ec3418ea6c8aaf4b567"
dependencies = [
 "proc-macro2",
 "quote",
 "syn 3.0.5",
]

[[package]]
name = "difference"
version = "2.0.0"
source = "registry+https://github.com/rust-lang/crates.io-index"
checksum = "524cbf6897b527295dff137cec09ecf3a05f4fddffd7dfcd1585403449e74198"

[[package]]
name = "drop_bomb"
version = "0.1.5"
source = "registry+https://github.com/rust-lang/crates.io-index"
checksum = "9bda8e21c04aca2ae33ffc2fd8c23134f3cac46db123ba97bd9d3f3b8a4a85e1"

[[package]]
name = "either"
version = "1.18.0"
source = "registry+https://github.com/rust-lang/crates.io-index"
checksum = "252afb9ae5eaa683babdc6a068b3f5726eb19e05070c731f9b2a23a7c3e8ed34"

[[package]]
name = "equivalent"
version = "1.0.2"
source = "registry+https://github.com/rust-lang/crates.io-index"
checksum = "877a4ace8713b0bcf2a4e7eec82529c029f1d0619886d18145fea96c3ffe5c0f"

[[package]]
name = "errno"
version = "0.3.14"
source = "registry+https://github.com/rust-lang/crates.io-index"
checksum = "39cab71617ae0d63f51a36d69f866391735b51691dbda63cf6f96d042b63efeb"
dependencies = [
 "libc",
 "windows-sys",
]

[[package]]
name = "escargot"
version = "0.3.1"
source = "registry+https://github.com/rust-lang/crates.io-index"
checksum = "19db1f7e74438642a5018cdf263bb1325b2e792f02dd0a3ca6d6c0f0d7b1d5a5"
dependencies = [
 "serde",
 "serde_json",
]

[[package]]
name = "fallible-iterator"
version = "0.3.0"
source = "registry+https://github.com/rust-lang/crates.io-index"
checksum = "2acce4a10f12dc2fb14a218589d4f1f62ef011b2d0cc4b3cb1bba8e94da14649"

[[package]]
name = "fastrand"
version = "2.5.0"
source = "registry+https://github.com/rust-lang/crates.io-index"
checksum = "da7c62ceae207dd37ea5b845da6a0696c799f85e97da1ab5b7910be3c1c80223"

[[package]]
name = "find-msvc-tools"
version = "0.1.12"
source = "registry+https://github.com/rust-lang/crates.io-index"
checksum = "3e0f1c7c3a72c66fd80abe965175f7523475c0489a87d3ff9d6e8c87d87a9d2d"

[[package]]
name = "foldhash"
version = "0.1.5"
source = "registry+https://github.com/rust-lang/crates.io-index"
checksum = "d9c4f5dac5e15c24eb999c26181a6ca40b39fe946cbe4c263c7209467bc83af2"

[[package]]
name = "get-size-derive2"
version = "0.11.0"
source = "registry+https://github.com/rust-lang/crates.io-index"
checksum = "7efe46d2adb529015748742f1a38594039ce357dbb21e6d178de342cfce468d4"
dependencies = [
 "attribute-derive",
 "quote",
 "syn 2.0.119",
]

[[package]]
name = "get-size2"
version = "0.11.0"
source = "registry+https://github.com/rust-lang/crates.io-index"
checksum = "d4d338de392104417fe6fdbe588c52383b9236956d8afe5654f0077176edc632"
dependencies = [
 "compact_str",
 "get-size-derive2",
 "hashbrown 0.17.1",
 "ordermap",
 "smallvec",
 "thin-vec",
]

[[package]]
name = "getopts"
version = "0.2.24"
source = "registry+https://github.com/rust-lang/crates.io-index"
checksum = "cfe4fbac503b8d1f88e6676011885f34b7174f46e59956bba534ba83abded4df"
dependencies = [
 "unicode-width",
]

[[package]]
name = "getrandom"
version = "0.2.17"
source = "registry+https://github.com/rust-lang/crates.io-index"
checksum = "ff2abc00be7fca6ebc474524697ae276ad847ad0a6b3faa4bcb027e9a4614ad0"
dependencies = [
 "cfg-if",
 "libc",
 "wasi",
]

[[package]]
name = "getrandom"
version = "0.4.3"
source = "registry+https://github.com/rust-lang/crates.io-index"
checksum = "300e883d756b2e4ec94e02791f39b04b522276138852cfc41d9fb7e904106099"
dependencies = [
 "cfg-if",
 "libc",
 "r-efi",
]

[[package]]
name = "gimli"
version = "0.31.1"
source = "registry+https://github.com/rust-lang/crates.io-index"
checksum = "07e28edb80900c19c28f1072f2e8aeca7fa06b23cd4169cefe1af5aa3260783f"
dependencies = [
 "fallible-iterator",
 "indexmap",
 "stable_deref_trait",
]

[[package]]
name = "glob"
version = "0.3.4"
source = "registry+https://github.com/rust-lang/crates.io-index"
checksum = "e4eba85ea1d0a966a983acd07deee566e67395d2d96b6fb39e62b5a833f1eb0b"

[[package]]
name = "hashbrown"
version = "0.14.5"
source = "registry+https://github.com/rust-lang/crates.io-index"
checksum = "e5274423e17b7c9fc20b6e7e208532f9b19825d82dfd615708b70edd83df41f1"
dependencies = [
 "ahash",
]

[[package]]
name = "hashbrown"
version = "0.15.5"
source = "registry+https://github.com/rust-lang/crates.io-index"
checksum = "9229cfe53dfd69f0609a49f65461bd93001ea1ef889cd5529dd176593f5338a1"
dependencies = [
 "foldhash",
]

[[package]]
name = "hashbrown"
version = "0.17.1"
source = "registry+https://github.com/rust-lang/crates.io-index"
checksum = "ed5909b6e89a2db4456e54cd5f673791d7eca6732202bbf2a9cc504fe2f9b84a"

[[package]]
name = "heck"
version = "0.5.0"
source = "registry+https://github.com/rust-lang/crates.io-index"
checksum = "2304e00983f87ffb38b55b444b5e3b60a884b5d30c0fca7d82fe33449bbe55ea"

[[package]]
name = "hermit-abi"
version = "0.1.19"
source = "registry+https://github.com/rust-lang/crates.io-index"
checksum = "62b467343b94ba476dcb2500d242dadbb39557df889310ac77c5d99100aaac33"
dependencies = [
 "libc",
]

[[package]]
name = "indexmap"
version = "2.14.2"
source = "registry+https://github.com/rust-lang/crates.io-index"
checksum = "cc4e190f5d26ca7051642629da2c52fc03bde85a03197c99408dcd291734c855"
dependencies = [
 "equivalent",
 "hashbrown 0.17.1",
]

[[package]]
name = "interpolator"
version = "0.5.0"
source = "registry+https://github.com/rust-lang/crates.io-index"
checksum = "71dd52191aae121e8611f1e8dc3e324dd0dd1dee1e6dd91d10ee07a3cfb4d9d8"

[[package]]
name = "is-macro"
version = "0.3.8"
source = "registry+https://github.com/rust-lang/crates.io-index"
checksum = "8267aa6001e25494f3015f9663bbd88a18240c74483afa5f0934a1b3e4c388e9"
dependencies = [
 "heck",
 "proc-macro2",
 "quote",
 "syn 2.0.119",
]

[[package]]
name = "is_terminal_polyfill"
version = "1.70.2"
source = "registry+https://github.com/rust-lang/crates.io-index"
checksum = "a6cb138bb79a146c1bd460005623e142ef0181e3d0219cb493e02f7d08a35695"

[[package]]
name = "itertools"
version = "0.8.2"
source = "registry+https://github.com/rust-lang/crates.io-index"
checksum = "f56a2d0bc861f9165be4eb3442afd3c236d8a98afd426f65d92324ae1091a484"
dependencies = [
 "either",
]

[[package]]
name = "itertools"
version = "0.15.0"
source = "registry+https://github.com/rust-lang/crates.io-index"
checksum = "8b4baf93f58d4425749ca49a51c50ebab072c5df6994d08fed93541c331481dc"
dependencies = [
 "either",
]

[[package]]
name = "itoa"
version = "1.0.18"
source = "registry+https://github.com/rust-lang/crates.io-index"
checksum = "8f42a60cbdf9a97f5d2305f08a87dc4e09308d1276d28c869c684d7777685682"

[[package]]
name = "libc"
version = "0.2.189"
source = "registry+https://github.com/rust-lang/crates.io-index"
checksum = "3eaf3ede3fee6db1a4c2ee091bf8a8b4dccdc6d17f656fb07896ee72867612f2"

[[package]]
name = "linux-raw-sys"
version = "0.12.1"
source = "registry+https://github.com/rust-lang/crates.io-index"
checksum = "32a66949e030da00e8c7d4434b251670a91556f4144941d37452769c25d58a53"

[[package]]
name = "log"
version = "0.4.34"
source = "registry+https://github.com/rust-lang/crates.io-index"
checksum = "f9f8bd3e56ce4dfc153cf470fffbfa98c7620958b312ca5c3a4b8d5181fd13c6"

[[package]]
name = "loggerv"
version = "0.7.2"
source = "registry+https://github.com/rust-lang/crates.io-index"
checksum = "60d8de15ae71e760bce7f05447f85f73624fe0d3b1e4c5a63ba5d4cb0748d374"
dependencies = [
 "ansi_term",
 "atty",
 "log",
]

[[package]]
name = "mamba"
version = "0.3.6"
dependencies = [
 "ansi_term",
 "assert_cmd",
 "clap",
 "cranelift-codegen",
 "cranelift-frontend",
 "cranelift-module",
 "cranelift-native",
 "cranelift-object",
 "glob",
 "itertools 0.8.2",
 "log",
 "loggerv",
 "pathdiff",
 "ruff_python_ast",
 "ruff_python_parser",
 "target-lexicon",
 "tempfile",
 "test-case",
 "tests_util",
]

[[package]]
name = "manyhow"
version = "0.11.4"
source = "registry+https://github.com/rust-lang/crates.io-index"
checksum = "b33efb3ca6d3b07393750d4030418d594ab1139cee518f0dc88db70fec873587"
dependencies = [
 "manyhow-macros",
 "proc-macro2",
 "quote",
 "syn 2.0.119",
]

[[package]]
name = "manyhow-macros"
version = "0.11.4"
source = "registry+https://github.com/rust-lang/crates.io-index"
checksum = "46fce34d199b78b6e6073abf984c9cf5fd3e9330145a93ee0738a7443e371495"
dependencies = [
 "proc-macro-utils",
 "proc-macro2",
 "quote",
]

[[package]]
name = "memchr"
version = "2.8.3"
source = "registry+https://github.com/rust-lang/crates.io-index"
checksum = "cf8baf1c55e62ffcace7a9f06f4bd9cd3f0c4beb022d3b367256b91b87513d98"

[[package]]
name = "object"
version = "0.36.7"
source = "registry+https://github.com/rust-lang/crates.io-index"
checksum = "62948e14d923ea95ea2c7c86c71013138b66525b86bdc08d2dcc262bdb497b87"
dependencies = [
 "crc32fast",
 "hashbrown 0.15.5",
 "indexmap",
 "memchr",
]

[[package]]
name = "object"
version = "0.39.1"
source = "registry+https://github.com/rust-lang/crates.io-index"
checksum = "2e5a6c098c7a3b6547378093f5cc30bc54fd361ce711e05293a5cc589562739b"
dependencies = [
 "memchr",
]

[[package]]
name = "once_cell"
version = "1.21.4"
source = "registry+https://github.com/rust-lang/crates.io-index"
checksum = "9f7c3e4beb33f85d45ae3e3a1792185706c8e16d043238c593331cc7cd313b50"

[[package]]
name = "once_cell_polyfill"
version = "1.70.2"
source = "registry+https://github.com/rust-lang/crates.io-index"
checksum = "384b8ab6d37215f3c5301a95a4accb5d64aa607f1fcb26a11b5303878451b4fe"

[[package]]
name = "ordermap"
version = "1.2.2"
source = "registry+https://github.com/rust-lang/crates.io-index"
checksum = "16a756ddcdeb6c0efc8927bdf0ed112885815a35ba350472a467be5104f01ca1"
dependencies = [
 "indexmap",
]

[[package]]
name = "pathdiff"
version = "0.1.0"
source = "registry+https://github.com/rust-lang/crates.io-index"
checksum = "a3bf70094d203e07844da868b634207e71bfab254fe713171fae9a6e751ccf31"

[[package]]
name = "phf"
version = "0.11.3"
source = "registry+https://github.com/rust-lang/crates.io-index"
checksum = "1fd6780a80ae0c52cc120a26a1a42c1ae51b247a253e4e06113d23d2c2edd078"
dependencies = [
 "phf_shared",
]

[[package]]
name = "phf_codegen"
version = "0.11.3"
source = "registry+https://github.com/rust-lang/crates.io-index"
checksum = "aef8048c789fa5e851558d709946d6d79a8ff88c0440c587967f8e94bfb1216a"
dependencies = [
 "phf_generator",
 "phf_shared",
]

[[package]]
name = "phf_generator"
version = "0.11.3"
source = "registry+https://github.com/rust-lang/crates.io-index"
checksum = "3c80231409c20246a13fddb31776fb942c38553c51e871f8cbd687a4cfb5843d"
dependencies = [
 "phf_shared",
 "rand",
]

[[package]]
name = "phf_shared"
version = "0.11.3"
source = "registry+https://github.com/rust-lang/crates.io-index"
checksum = "67eabc2ef2a60eb7faa00097bd1ffdb5bd28e62bf39990626a582201b7a754e5"
dependencies = [
 "siphasher",
]

[[package]]
name = "ppv-lite86"
version = "0.2.21"
source = "registry+https://github.com/rust-lang/crates.io-index"
checksum = "85eae3c4ed2f50dcfe72643da4befc30deadb458a9b590d720cde2f2b1e97da9"
dependencies = [
 "zerocopy",
]

[[package]]
name = "predicates"
version = "1.0.8"
source = "registry+https://github.com/rust-lang/crates.io-index"
checksum = "f49cfaf7fdaa3bfacc6fa3e7054e65148878354a5cfddcf661df4c851f8021df"
dependencies = [
 "difference",
 "predicates-core",
]

[[package]]
name = "predicates-core"
version = "1.0.10"
source = "registry+https://github.com/rust-lang/crates.io-index"
checksum = "cad38746f3166b4031b1a0d39ad9f954dd291e7854fcc0eed52ee41a0b50d144"

[[package]]
name = "predicates-tree"
version = "1.0.13"
source = "registry+https://github.com/rust-lang/crates.io-index"
checksum = "d0de1b847b39c8131db0467e9df1ff60e6d0562ab8e9a16e568ad0fdb372e2f2"
dependencies = [
 "predicates-core",
 "termtree",
]

[[package]]
name = "proc-macro-utils"
version = "0.10.0"
source = "registry+https://github.com/rust-lang/crates.io-index"
checksum = "eeaf08a13de400bc215877b5bdc088f241b12eb42f0a548d3390dc1c56bb7071"
dependencies = [
 "proc-macro2",
 "quote",
 "smallvec",
]

[[package]]
name = "proc-macro2"
version = "1.0.107"
source = "registry+https://github.com/rust-lang/crates.io-index"
checksum = "985e7ec9bb745e6ce6535b544d84d6cd6f7ad8bd711c398938ae983b91a766d9"
dependencies = [
 "unicode-ident",
]

[[package]]
name = "psm"
version = "0.1.32"
source = "registry+https://github.com/rust-lang/crates.io-index"
checksum = "4dcd034599e63b970727f70d79e02d62390a4a84f7c6b827c27c46d5ac3fa622"
dependencies = [
 "ar_archive_writer",
 "cc",
]

[[package]]
name = "quote"
version = "1.0.47"
source = "registry+https://github.com/rust-lang/crates.io-index"
checksum = "1fbf4db142a473a8d80c26bbf18454ed458bf8d26c8219c331daecfdbd079001"
dependencies = [
 "proc-macro2",
]

[[package]]
name = "quote-use"
version = "0.8.4"
source = "registry+https://github.com/rust-lang/crates.io-index"
checksum = "9619db1197b497a36178cfc736dc96b271fe918875fbf1344c436a7e93d0321e"
dependencies = [
 "quote",
 "quote-use-macros",
]

[[package]]
name = "quote-use-macros"
version = "0.8.4"
source = "registry+https://github.com/rust-lang/crates.io-index"
checksum = "82ebfb7faafadc06a7ab141a6f67bcfb24cb8beb158c6fe933f2f035afa99f35"
dependencies = [
 "proc-macro-utils",
 "proc-macro2",
 "quote",
 "syn 2.0.119",
]

[[package]]
name = "r-efi"
version = "6.0.0"
source = "registry+https://github.com/rust-lang/crates.io-index"
checksum = "f8dcc9c7d52a811697d2151c701e0d08956f92b0e24136cf4cf27b57a6a0d9bf"

[[package]]
name = "rand"
version = "0.8.8"
source = "registry+https://github.com/rust-lang/crates.io-index"
checksum = "e058c7de0b26af77780c769414d6257830bb240f3c38477dbc2c16e5f54d6d4c"
dependencies = [
 "libc",
 "rand_chacha",
 "rand_core",
]

[[package]]
name = "rand_chacha"
version = "0.3.1"
source = "registry+https://github.com/rust-lang/crates.io-index"
checksum = "e6c10a63a0fa32252be49d21e7709d4d4baf8d231c2dbce1eaa8141b9b127d88"
dependencies = [
 "ppv-lite86",
 "rand_core",
]

[[package]]
name = "rand_core"
version = "0.6.4"
source = "registry+https://github.com/rust-lang/crates.io-index"
checksum = "ec0be4795e2f6a28069bec0b5ff3e2ac9bafc99e6a9a7dc3547996c5c816922c"
dependencies = [
 "getrandom 0.2.17",
]

[[package]]
name = "regalloc2"
version = "0.10.2"
source = "registry+https://github.com/rust-lang/crates.io-index"
checksum = "12908dbeb234370af84d0579b9f68258a0f67e201412dd9a2814e6f45b2fc0f0"
dependencies = [
 "hashbrown 0.14.5",
 "log",
 "rustc-hash",
 "slice-group-by",
 "smallvec",
]

[[package]]
name = "regex-automata"
version = "0.4.18"
source = "registry+https://github.com/rust-lang/crates.io-index"
checksum = "ad8553b9b26413251cbf30e620595c7a41b3887f03da04579c0e6b0d6a06b4b2"

[[package]]
name = "ruff_python_ast"
version = "0.0.13"
source = "registry+https://github.com/rust-lang/crates.io-index"
checksum = "78a29807fda69c48797648e48e432d88d7e5ed0c70b17ea73c0812f57491e6bc"
dependencies = [
 "aho-corasick",
 "arrayvec",
 "bitflags",
 "char_str",
 "compact_str",
 "get-size2",
 "is-macro",
 "memchr",
 "ruff_python_trivia",
 "ruff_source_file",
 "ruff_text_size",
 "rustc-hash",
 "thin-vec",
 "thiserror",
]

[[package]]
name = "ruff_python_parser"
version = "0.0.13"
source = "registry+https://github.com/rust-lang/crates.io-index"
checksum = "8749340d7349b35a8690688dcb5228fd09158d9ec2456b10920448c73c3af37c"
dependencies = [
 "bitflags",
 "bstr",
 "drop_bomb",
 "get-size2",
 "hashbrown 0.17.1",
 "memchr",
 "ruff_python_ast",
 "ruff_python_trivia",
 "ruff_text_size",
 "rustc-hash",
 "stacker",
 "static_assertions",
 "thin-vec",
 "unicode-ident",
 "unicode-normalization",
 "unicode_names2",
]

[[package]]
name = "ruff_python_trivia"
version = "0.0.13"
source = "registry+https://github.com/rust-lang/crates.io-index"
checksum = "a1e5d4adda6a367232d55904c9fc3658ea8e25955344fa96f777fef8c87ae1e9"
dependencies = [
 "itertools 0.15.0",
 "ruff_source_file",
 "ruff_text_size",
 "rustc-hash",
 "unicode-ident",
]

[[package]]
name = "ruff_source_file"
version = "0.0.13"
source = "registry+https://github.com/rust-lang/crates.io-index"
checksum = "da6e63a7f83e656db977a895558b77db1d62bd695689fdec9767935e80f81ee4"
dependencies = [
 "memchr",
 "ruff_text_size",
]

[[package]]
name = "ruff_text_size"
version = "0.0.13"
source = "registry+https://github.com/rust-lang/crates.io-index"
checksum = "ff588f7776e5024cf3239240bc56fc033ee76e8a080a6b2c28540e644bd10327"
dependencies = [
 "get-size2",
]

[[package]]
name = "rustc-hash"
version = "2.1.3"
source = "registry+https://github.com/rust-lang/crates.io-index"
checksum = "6b1e7f9a428571be2dc5bc0505c13fb6bf936822b894ec87abf8a08a4e51742d"

[[package]]
name = "rustix"
version = "1.1.4"
source = "registry+https://github.com/rust-lang/crates.io-index"
checksum = "b6fe4565b9518b83ef4f91bb47ce29620ca828bd32cb7e408f0062e9930ba190"
dependencies = [
 "bitflags",
 "errno",
 "libc",
 "linux-raw-sys",
 "windows-sys",
]

[[package]]
name = "rustversion"
version = "1.0.23"
source = "registry+https://github.com/rust-lang/crates.io-index"
checksum = "cf54715a573b99ac80df0bc206da022bcd442c974952c7b9720069370852e21f"

[[package]]
name = "ryu"
version = "1.0.23"
source = "registry+https://github.com/rust-lang/crates.io-index"
checksum = "9774ba4a74de5f7b1c1451ed6cd5285a32eddb5cccb8cc655a4e50009e06477f"

[[package]]
name = "serde"
version = "1.0.229"
source = "registry+https://github.com/rust-lang/crates.io-index"
checksum = "4148590afebada386688f18773da617792bf2ef03ffc1e4cbd2b1d45b023e0ba"
dependencies = [
 "serde_core",
 "serde_derive",
]

[[package]]
name = "serde_core"
version = "1.0.229"
source = "registry+https://github.com/rust-lang/crates.io-index"
checksum = "67dca2c9c51e58a4791a4b1ed58308b39c64224d349a935ab5039aa360942a48"
dependencies = [
 "serde_derive",
]

[[package]]
name = "serde_derive"
version = "1.0.229"
source = "registry+https://github.com/rust-lang/crates.io-index"
checksum = "e7a5d71263a5a7d47b41f6b3f06ba276f10cc18b0931f1799f710578e2309348"
dependencies = [
 "proc-macro2",
 "quote",
 "syn 3.0.5",
]

[[package]]
name = "serde_json"
version = "1.0.151"
source = "registry+https://github.com/rust-lang/crates.io-index"
checksum = "c841b55ecdae098c80dcae9cf767f6f8a0c2cdb3416bbef72181df4d0fe73f14"
dependencies = [
 "itoa",
 "memchr",
 "serde",
 "serde_core",
 "zmij",
]

[[package]]
name = "shlex"
version = "2.0.1"
source = "registry+https://github.com/rust-lang/crates.io-index"
checksum = "f8fadd59c855ef2080decdef8ff161eb6661b86933c9d82e5ba29dc602a55aba"

[[package]]
name = "siphasher"
version = "1.0.3"
source = "registry+https://github.com/rust-lang/crates.io-index"
checksum = "8ee5873ec9cce0195efcb7a4e9507a04cd49aec9c83d0389df45b1ef7ba2e649"

[[package]]
name = "slice-group-by"
version = "0.3.1"
source = "registry+https://github.com/rust-lang/crates.io-index"
checksum = "826167069c09b99d56f31e9ae5c99049e932a98c9dc2dac47645b08dbbf76ba7"

[[package]]
name = "smallvec"
version = "1.16.0"
source = "registry+https://github.com/rust-lang/crates.io-index"
checksum = "b9be42f50aa861c555654aa3a37f52f4b1074bacf4e48fe0ef7fa584e80f1f0f"

[[package]]
name = "stable_deref_trait"
version = "1.2.1"
source = "registry+https://github.com/rust-lang/crates.io-index"
checksum = "6ce2be8dc25455e1f91df71bfa12ad37d7af1092ae736f3a6cd0e37bc7810596"

[[package]]
name = "stacker"
version = "0.1.25"
source = "registry+https://github.com/rust-lang/crates.io-index"
checksum = "707f49d46706bacf8a2b00d51dace3f9de527c13eec3778f570c411f89e69967"
dependencies = [
 "cc",
 "cfg-if",
 "libc",
 "psm",
 "windows-sys",
]

[[package]]
name = "static_assertions"
version = "1.1.0"
source = "registry+https://github.com/rust-lang/crates.io-index"
checksum = "a2eb9349b6444b326872e140eb1cf5e7c522154d69e7a0ffb0fb81c06b37543f"

[[package]]
name = "strsim"
version = "0.11.1"
source = "registry+https://github.com/rust-lang/crates.io-index"
checksum = "7da8b5736845d9f2fcb837ea5d9e2628564b3b043a70948a3f0b778838c5fb4f"

[[package]]
name = "syn"
version = "2.0.119"
source = "registry+https://github.com/rust-lang/crates.io-index"
checksum = "872831b642d1a07999a962a351ed35b955ea2cfc8f3862091e2a240a84f17297"
dependencies = [
 "proc-macro2",
 "quote",
 "unicode-ident",
]

[[package]]
name = "syn"
version = "3.0.5"
source = "registry+https://github.com/rust-lang/crates.io-index"
checksum = "12df2e0110f65b775f769bb17ef989067a1d931b2eb822bd4346631eeada89f9"
dependencies = [
 "proc-macro2",
 "quote",
 "unicode-ident",
]

[[package]]
name = "target-lexicon"
version = "0.12.16"
source = "registry+https://github.com/rust-lang/crates.io-index"
checksum = "61c41af27dd6d1e27b1b16b489db798443478cef1f06a660c96db617ba5de3b1"

[[package]]
name = "tempfile"
version = "3.27.0"
source = "registry+https://github.com/rust-lang/crates.io-index"
checksum = "32497e9a4c7b38532efcdebeef879707aa9f794296a4f0244f6f69e9bc8574bd"
dependencies = [
 "fastrand",
 "getrandom 0.4.3",
 "once_cell",
 "rustix",
 "windows-sys",
]

[[package]]
name = "termtree"
version = "0.5.1"
source = "registry+https://github.com/rust-lang/crates.io-index"
checksum = "8f50febec83f5ee1df3015341d8bd429f2d1cc62bcba7ea2076759d315084683"

[[package]]
name = "test-case"
version = "3.3.1"
source = "registry+https://github.com/rust-lang/crates.io-index"
checksum = "eb2550dd13afcd286853192af8601920d959b14c401fcece38071d53bf0768a8"
dependencies = [
 "test-case-macros",
]

[[package]]
name = "test-case-core"
version = "3.3.1"
source = "registry+https://github.com/rust-lang/crates.io-index"
checksum = "adcb7fd841cd518e279be3d5a3eb0636409487998a4aff22f3de87b81e88384f"
dependencies = [
 "cfg-if",
 "proc-macro2",
 "quote",
 "syn 2.0.119",
]

[[package]]
name = "test-case-macros"
version = "3.3.1"
source = "registry+https://github.com/rust-lang/crates.io-index"
checksum = "5c89e72a01ed4c579669add59014b9a524d609c0c88c6a585ce37485879f6ffb"
dependencies = [
 "proc-macro2",
 "quote",
 "syn 2.0.119",
 "test-case-core",
]

[[package]]
name = "tests_util"
version = "0.0.0"
dependencies = [
 "assert_cmd",
 "itertools 0.8.2",
 "mamba",
 "ruff_python_ast",
 "ruff_python_parser",
 "tempfile",
]

[[package]]
name = "thin-vec"
version = "0.2.19"
source = "registry+https://github.com/rust-lang/crates.io-index"
checksum = "79def32ffcd477db1ff26f76dab9e3a91f0bd42a85ca96577089b24623056f9d"

[[package]]
name = "thiserror"
version = "2.0.20"
source = "registry+https://github.com/rust-lang/crates.io-index"
checksum = "ec86235f5fcc2a73650310756d2ac5b138a5780bbbdfae3eeccec992c435ba4f"
dependencies = [
 "thiserror-impl",
]

[[package]]
name = "thiserror-impl"
version = "2.0.20"
source = "registry+https://github.com/rust-lang/crates.io-index"
checksum = "bc04cd3e1236dd4a98afca4569f2deb3f120e5422a4023be2cb683f8486292af"
dependencies = [
 "proc-macro2",
 "quote",
 "syn 3.0.5",
]

[[package]]
name = "tinyvec"
version = "1.13.3"
source = "registry+https://github.com/rust-lang/crates.io-index"
checksum = "fd3ca314f692efd6c868f8408f53fe444634a845f96c028b97d35f6a1f79f0ee"

[[package]]
name = "unicode-ident"
version = "1.0.24"
source = "registry+https://github.com/rust-lang/crates.io-index"
checksum = "e6e4313cd5fcd3dad5cafa179702e2b244f760991f45397d14d4ebf38247da75"

[[package]]
name = "unicode-normalization"
version = "0.1.25"
source = "registry+https://github.com/rust-lang/crates.io-index"
checksum = "5fd4f6878c9cb28d874b009da9e8d183b5abc80117c40bbd187a1fde336be6e8"
dependencies = [
 "tinyvec",
]

[[package]]
name = "unicode-width"
version = "0.2.2"
source = "registry+https://github.com/rust-lang/crates.io-index"
checksum = "b4ac048d71ede7ee76d585517add45da530660ef4390e49b098733c6e897f254"

[[package]]
name = "unicode_names2"
version = "1.3.0"
source = "registry+https://github.com/rust-lang/crates.io-index"
checksum = "d1673eca9782c84de5f81b82e4109dcfb3611c8ba0d52930ec4a9478f547b2dd"
dependencies = [
 "phf",
 "unicode_names2_generator",
]

[[package]]
name = "unicode_names2_generator"
version = "1.3.0"
source = "registry+https://github.com/rust-lang/crates.io-index"
checksum = "b91e5b84611016120197efd7dc93ef76774f4e084cd73c9fb3ea4a86c570c56e"
dependencies = [
 "getopts",
 "log",
 "phf_codegen",
 "rand",
]

[[package]]
name = "utf8parse"
version = "0.2.2"
source = "registry+https://github.com/rust-lang/crates.io-index"
checksum = "06abde3611657adf66d383f00b093d7faecc7fa57071cce2578660c9f1010821"

[[package]]
name = "version_check"
version = "0.9.5"
source = "registry+https://github.com/rust-lang/crates.io-index"
checksum = "0b928f33d975fc6ad9f86c8f283853ad26bdd5b10b7f1542aa2fa15e2289105a"

[[package]]
name = "wasi"
version = "0.11.1+wasi-snapshot-preview1"
source = "registry+https://github.com/rust-lang/crates.io-index"
checksum = "ccf3ec651a847eb01de73ccad15eb7d99f80485de043efb2f370cd654f4ea44b"

[[package]]
name = "winapi"
version = "0.3.9"
source = "registry+https://github.com/rust-lang/crates.io-index"
checksum = "5c839a674fcd7a98952e593242ea400abe93992746761e38641405d28b00f419"
dependencies = [
 "winapi-i686-pc-windows-gnu",
 "winapi-x86_64-pc-windows-gnu",
]

[[package]]
name = "winapi-i686-pc-windows-gnu"
version = "0.4.0"
source = "registry+https://github.com/rust-lang/crates.io-index"
checksum = "ac3b87c63620426dd9b991e5ce0329eff545bccbbb34f3be09ff6fb6ab51b7b6"

[[package]]
name = "winapi-x86_64-pc-windows-gnu"
version = "0.4.0"
source = "registry+https://github.com/rust-lang/crates.io-index"
checksum = "712e227841d057c1ee1cd2fb22fa7e5a5461ae8e48fa2ca79ec42cfc1931183f"

[[package]]
name = "windows-link"
version = "0.2.1"
source = "registry+https://github.com/rust-lang/crates.io-index"
checksum = "f0805222e57f7521d6a62e36fa9163bc891acd422f971defe97d64e70d0a4fe5"

[[package]]
name = "windows-sys"
version = "0.61.2"
source = "registry+https://github.com/rust-lang/crates.io-index"
checksum = "ae137229bcbd6cdf0f7b80a31df61766145077ddf49416a728b02cb3921ff3fc"
dependencies = [
 "windows-link",
]

[[package]]
name = "zerocopy"
version = "0.8.56"
source = "registry+https://github.com/rust-lang/crates.io-index"
checksum = "556764e583adb45a9f8d413c2a147fa7e8d821e48e12b14fd560b607998b75eb"
dependencies = [
 "zerocopy-derive",
]

[[package]]
name = "zerocopy-derive"
version = "0.8.56"
source = "registry+https://github.com/rust-lang/crates.io-index"
checksum = "f2ab42fc20575779bd240faa45f94a74256f755c0fa9e89f0ede20d91d0cdfc1"
dependencies = [
 "proc-macro2",
 "quote",
 "syn 2.0.119",
]

[[package]]
name = "zmij"
version = "1.0.23"
source = "registry+https://github.com/rust-lang/crates.io-index"
checksum = "29666d0abbfad1e3dc4dcf6144730dd3a3ab225bbbdac83319345b1b44ccfc1b"
